// !$*UTF8*$!
{
	archiveVersion = 1;
	classes = {
	};
	objectVersion = 46;
	objects = {

/* Begin PBXBuildFile section */
		C61599BD1AEA778100B8C6B5 /* AppDelegate.swift in Sources */ = {isa = PBXBuildFile; fileRef = C61599BC1AEA778100B8C6B5 /* AppDelegate.swift */; };
		C61599BF1AEA778100B8C6B5 /* ViewController.swift in Sources */ = {isa = PBXBuildFile; fileRef = C61599BE1AEA778100B8C6B5 /* ViewController.swift */; };
		C61599C21AEA778100B8C6B5 /* Main.storyboard in Resources */ = {isa = PBXBuildFile; fileRef = C61599C01AEA778100B8C6B5 /* Main.storyboard */; };
		C61599C41AEA778100B8C6B5 /* Images.xcassets in Resources */ = {isa = PBXBuildFile; fileRef = C61599C31AEA778100B8C6B5 /* Images.xcassets */; };
		C61599C71AEA778100B8C6B5 /* LaunchScreen.xib in Resources */ = {isa = PBXBuildFile; fileRef = C61599C51AEA778100B8C6B5 /* LaunchScreen.xib */; };
		C61599D31AEA778100B8C6B5 /* April24Session1Tests.swift in Sources */ = {isa = PBXBuildFile; fileRef = C61599D21AEA778100B8C6B5 /* April24Session1Tests.swift */; };
/* End PBXBuildFile section */

/* Begin PBXContainerItemProxy section */
		C61599CD1AEA778100B8C6B5 /* PBXContainerItemProxy */ = {
			isa = PBXContainerItemProxy;
			containerPortal = C61599AF1AEA778100B8C6B5 /* Project object */;
			proxyType = 1;
			remoteGlobalIDString = C61599B61AEA778100B8C6B5;
			remoteInfo = April24Session1;
		};
/* End PBXContainerItemProxy section */

/* Begin PBXFileReference section */
		C61599B71AEA778100B8C6B5 /* April24Session1.app */ = {isa = PBXFileReference; explicitFileType = wrapper.application; includeInIndex = 0; path = April24Session1.app; sourceTree = BUILT_PRODUCTS_DIR; };
		C61599BB1AEA778100B8C6B5 /* Info.plist */ = {isa = PBXFileReference; lastKnownFileType = text.plist.xml; path = Info.plist; sourceTree = "<group>"; };
		C61599BC1AEA778100B8C6B5 /* AppDelegate.swift */ = {isa = PBXFileReference; lastKnownFileType = sourcecode.swift; path = AppDelegate.swift; sourceTree = "<group>"; };
		C61599BE1AEA778100B8C6B5 /* ViewController.swift */ = {isa = PBXFileReference; lastKnownFileType = sourcecode.swift; path = ViewController.swift; sourceTree = "<group>"; };
		C61599C11AEA778100B8C6B5 /* Base */ = {isa = PBXFileReference; lastKnownFileType = file.storyboard; name = Base; path = Base.lproj/Main.storyboard; sourceTree = "<group>"; };
		C61599C31AEA778100B8C6B5 /* Images.xcassets */ = {isa = PBXFileReference; lastKnownFileType = folder.assetcatalog; path = Images.xcassets; sourceTree = "<group>"; };
		C61599C61AEA778100B8C6B5 /* Base */ = {isa = PBXFileReference; lastKnownFileType = file.xib; name = Base; path = Base.lproj/LaunchScreen.xib; sourceTree = "<group>"; };
		C61599CC1AEA778100B8C6B5 /* April24Session1Tests.xctest */ = {isa = PBXFileReference; explicitFileType = wrapper.cfbundle; includeInIndex = 0; path = April24Session1Tests.xctest; sourceTree = BUILT_PRODUCTS_DIR; };
		C61599D11AEA778100B8C6B5 /* Info.plist */ = {isa = PBXFileReference; lastKnownFileType = text.plist.xml; path = Info.plist; sourceTree = "<group>"; };
		C61599D21AEA778100B8C6B5 /* April24Session1Tests.swift */ = {isa = PBXFileReference; lastKnownFileType = sourcecode.swift; path = April24Session1Tests.swift; sourceTree = "<group>"; };
/* End PBXFileReference section */

/* Begin PBXFrameworksBuildPhase section */
		C61599B41AEA778100B8C6B5 /* Frameworks */ = {
			isa = PBXFrameworksBuildPhase;
			buildActionMask = 2147483647;
			files = (
			);
			runOnlyForDeploymentPostprocessing = 0;
		};
		C61599C91AEA778100B8C6B5 /* Frameworks */ = {
			isa = PBXFrameworksBuildPhase;
			buildActionMask = 2147483647;
			files = (
			);
			runOnlyForDeploymentPostprocessing = 0;
		};
/* End PBXFrameworksBuildPhase section */

/* Begin PBXGroup section */
		C61599AE1AEA778100B8C6B5 = {
			isa = PBXGroup;
			children = (
				C61599B91AEA778100B8C6B5 /* April24Session1 */,
				C61599CF1AEA778100B8C6B5 /* April24Session1Tests */,
				C61599B81AEA778100B8C6B5 /* Products */,
			);
			sourceTree = "<group>";
		};
		C61599B81AEA778100B8C6B5 /* Products */ = {
			isa = PBXGroup;
			children = (
				C61599B71AEA778100B8C6B5 /* April24Session1.app */,
				C61599CC1AEA778100B8C6B5 /* April24Session1Tests.xctest */,
			);
			name = Products;
			sourceTree = "<group>";
		};
		C61599B91AEA778100B8C6B5 /* April24Session1 */ = {
			isa = PBXGroup;
			children = (
				C61599BC1AEA778100B8C6B5 /* AppDelegate.swift */,
				C61599BE1AEA778100B8C6B5 /* ViewController.swift */,
				C61599C01AEA778100B8C6B5 /* Main.storyboard */,
				C61599C31AEA778100B8C6B5 /* Images.xcassets */,
				C61599C51AEA778100B8C6B5 /* LaunchScreen.xib */,
				C61599BA1AEA778100B8C6B5 /* Supporting Files */,
			);
			path = April24Session1;
			sourceTree = "<group>";
		};
		C61599BA1AEA778100B8C6B5 /* Supporting Files */ = {
			isa = PBXGroup;
			children = (
				C61599BB1AEA778100B8C6B5 /* Info.plist */,
			);
			name = "Supporting Files";
			sourceTree = "<group>";
		};
		C61599CF1AEA778100B8C6B5 /* April24Session1Tests */ = {
			isa = PBXGroup;
			children = (
				C61599D21AEA778100B8C6B5 /* April24Session1Tests.swift */,
				C61599D01AEA778100B8C6B5 /* Supporting Files */,
			);
			path = April24Session1Tests;
			sourceTree = "<group>";
		};
		C61599D01AEA778100B8C6B5 /* Supporting Files */ = {
			isa = PBXGroup;
			children = (
				C61599D11AEA778100B8C6B5 /* Info.plist */,
			);
			name = "Supporting Files";
			sourceTree = "<group>";
		};
/* End PBXGroup section */

/* Begin PBXNativeTarget section */
		C61599B61AEA778100B8C6B5 /* April24Session1 */ = {
			isa = PBXNativeTarget;
			buildConfigurationList = C61599D61AEA778100B8C6B5 /* Build configuration list for PBXNativeTarget "April24Session1" */;
			buildPhases = (
				C61599B31AEA778100B8C6B5 /* Sources */,
				C61599B41AEA778100B8C6B5 /* Frameworks */,
				C61599B51AEA778100B8C6B5 /* Resources */,
			);
			buildRules = (
			);
			dependencies = (
			);
			name = April24Session1;
			productName = April24Session1;
			productReference = C61599B71AEA778100B8C6B5 /* April24Session1.app */;
			productType = "com.apple.product-type.application";
		};
		C61599CB1AEA778100B8C6B5 /* April24Session1Tests */ = {
			isa = PBXNativeTarget;
			buildConfigurationList = C61599D91AEA778100B8C6B5 /* Build configuration list for PBXNativeTarget "April24Session1Tests" */;
			buildPhases = (
				C61599C81AEA778100B8C6B5 /* Sources */,
				C61599C91AEA778100B8C6B5 /* Frameworks */,
				C61599CA1AEA778100B8C6B5 /* Resources */,
			);
			buildRules = (
			);
			dependencies = (
				C61599CE1AEA778100B8C6B5 /* PBXTargetDependency */,
			);
			name = April24Session1Tests;
			productName = April24Session1Tests;
			productReference = C61599CC1AEA778100B8C6B5 /* April24Session1Tests.xctest */;
			productType = "com.apple.product-type.bundle.unit-test";
		};
/* End PBXNativeTarget section */

/* Begin PBXProject section */
		C61599AF1AEA778100B8C6B5 /* Project object */ = {
			isa = PBXProject;
			attributes = {
				LastUpgradeCheck = 0620;
				ORGANIZATIONNAME = "Hasan Soysal";
				TargetAttributes = {
					C61599B61AEA778100B8C6B5 = {
						CreatedOnToolsVersion = 6.2;
					};
					C61599CB1AEA778100B8C6B5 = {
						CreatedOnToolsVersion = 6.2;
						TestTargetID = C61599B61AEA778100B8C6B5;
					};
				};
			};
			buildConfigurationList = C61599B21AEA778100B8C6B5 /* Build configuration list for PBXProject "April24Session1" */;
			compatibilityVersion = "Xcode 3.2";
			developmentRegion = English;
			hasScannedForEncodings = 0;
			knownRegions = (
				en,
				Base,
			);
			mainGroup = C61599AE1AEA778100B8C6B5;
			productRefGroup = C61599B81AEA778100B8C6B5 /* Products */;
			projectDirPath = "";
			projectRoot = "";
			targets = (
				C61599B61AEA778100B8C6B5 /* April24Session1 */,
				C61599CB1AEA778100B8C6B5 /* April24Session1Tests */,
			);
		};
/* End PBXProject section */

/* Begin PBXResourcesBuildPhase section */
		C61599B51AEA778100B8C6B5 /* Resources */ = {
			isa = PBXResourcesBuildPhase;
			buildActionMask = 2147483647;
			files = (
				C61599C21AEA778100B8C6B5 /* Main.storyboard in Resources */,
				C61599C71AEA778100B8C6B5 /* LaunchScreen.xib in Resources */,
				C61599C41AEA778100B8C6B5 /* Images.xcassets in Resources */,
			);
			runOnlyForDeploymentPostprocessing = 0;
		};
		C61599CA1AEA778100B8C6B5 /* Resources */ = {
			isa = PBXResourcesBuildPhase;
			buildActionMask = 2147483647;
			files = (
			);
			runOnlyForDeploymentPostprocessing = 0;
		};
/* End PBXResourcesBuildPhase section */

/* Begin PBXSourcesBuildPhase section */
		C61599B31AEA778100B8C6B5 /* Sources */ = {
			isa = PBXSourcesBuildPhase;
			buildActionMask = 2147483647;
			files = (
				C61599BF1AEA778100B8C6B5 /* ViewController.swift in Sources */,
				C61599BD1AEA778100B8C6B5 /* AppDelegate.swift in Sources */,
			);
			runOnlyForDeploymentPostprocessing = 0;
		};
		C61599C81AEA778100B8C6B5 /* Sources */ = {
			isa = PBXSourcesBuildPhase;
			buildActionMask = 2147483647;
			files = (
				C61599D31AEA778100B8C6B5 /* April24Session1Tests.swift in Sources */,
			);
			runOnlyForDeploymentPostprocessing = 0;
		};
/* End PBXSourcesBuildPhase section */

/* Begin PBXTargetDependency section */
		C61599CE1AEA778100B8C6B5 /* PBXTargetDependency */ = {
			isa = PBXTargetDependency;
			target = C61599B61AEA778100B8C6B5 /* April24Session1 */;
			targetProxy = C61599CD1AEA778100B8C6B5 /* PBXContainerItemProxy */;
		};
/* End PBXTargetDependency section */

/* Begin PBXVariantGroup section */
		C61599C01AEA778100B8C6B5 /* Main.storyboard */ = {
			isa = PBXVariantGroup;
			children = (
				C61599C11AEA778100B8C6B5 /* Base */,
			);
			name = Main.storyboard;
			sourceTree = "<group>";
		};
		C61599C51AEA778100B8C6B5 /* LaunchScreen.xib */ = {
			isa = PBXVariantGroup;
			children = (
				C61599C61AEA778100B8C6B5 /* Base */,
			);
			name = LaunchScreen.xib;
			sourceTree = "<group>";
		};
/* End PBXVariantGroup section */

/* Begin XCBuildConfiguration section */
		C61599D41AEA778100B8C6B5 /* Debug */ = {
			isa = XCBuildConfiguration;
			buildSettings = {
				ALWAYS_SEARCH_USER_PATHS = NO;
				CLANG_CXX_LANGUAGE_STANDARD = "gnu++0x";
				CLANG_CXX_LIBRARY = "libc++";
				CLANG_ENABLE_MODULES = YES;
				CLANG_ENABLE_OBJC_ARC = YES;
				CLANG_WARN_BOOL_CONVERSION = YES;
				CLANG_WARN_CONSTANT_CONVERSION = YES;
				CLANG_WARN_DIRECT_OBJC_ISA_USAGE = YES_ERROR;
				CLANG_WARN_EMPTY_BODY = YES;
				CLANG_WARN_ENUM_CONVERSION = YES;
				CLANG_WARN_INT_CONVERSION = YES;
				CLANG_WARN_OBJC_ROOT_CLASS = YES_ERROR;
				CLANG_WARN_UNREACHABLE_CODE = YES;
				CLANG_WARN__DUPLICATE_METHOD_MATCH = YES;
				"CODE_SIGN_IDENTITY[sdk=iphoneos*]" = "iPhone Developer";
				COPY_PHASE_STRIP = NO;
				ENABLE_STRICT_OBJC_MSGSEND = YES;
				GCC_C_LANGUAGE_STANDARD = gnu99;
				GCC_DYNAMIC_NO_PIC = NO;
				GCC_OPTIMIZATION_LEVEL = 0;
				GCC_PREPROCESSOR_DEFINITIONS = (
					"DEBUG=1",
					"$(inherited)",
				);
				GCC_SYMBOLS_PRIVATE_EXTERN = NO;
				GCC_WARN_64_TO_32_BIT_CONVERSION = YES;
				GCC_WARN_ABOUT_RETURN_TYPE = YES_ERROR;
				GCC_WARN_UNDECLARED_SELECTOR = YES;
				GCC_WARN_UNINITIALIZED_AUTOS = YES_AGGRESSIVE;
				GCC_WARN_UNUSED_FUNCTION = YES;
				GCC_WARN_UNUSED_VARIABLE = YES;
				IPHONEOS_DEPLOYMENT_TARGET = 8.2;
				MTL_ENABLE_DEBUG_INFO = YES;
				ONLY_ACTIVE_ARCH = YES;
				SDKROOT = iphoneos;
				SWIFT_OPTIMIZATION_LEVEL = "-Onone";
			};
			name = Debug;
		};
		C61599D51AEA778100B8C6B5 /* Release */ = {
			isa = XCBuildConfiguration;
			buildSettings = {
				ALWAYS_SEARCH_USER_PATHS = NO;
				CLANG_CXX_LANGUAGE_STANDARD = "gnu++0x";
				CLANG_CXX_LIBRARY = "libc++";
				CLANG_ENABLE_MODULES = YES;
				CLANG_ENABLE_OBJC_ARC = YES;
				CLANG_WARN_BOOL_CONVERSION = YES;
				CLANG_WARN_CONSTANT_CONVERSION = YES;
				CLANG_WARN_DIRECT_OBJC_ISA_USAGE = YES_ERROR;
				CLANG_WARN_EMPTY_BODY = YES;
				CLANG_WARN_ENUM_CONVERSION = YES;
				CLANG_WARN_INT_CONVERSION = YES;
				CLANG_WARN_OBJC_ROOT_CLASS = YES_ERROR;
				CLANG_WARN_UNREACHABLE_CODE = YES;
				CLANG_WARN__DUPLICATE_METHOD_MATCH = YES;
				"CODE_SIGN_IDENTITY[sdk=iphoneos*]" = "iPhone Developer";
				COPY_PHASE_STRIP = NO;
				ENABLE_NS_ASSERTIONS = NO;
				ENABLE_STRICT_OBJC_MSGSEND = YES;
				GCC_C_LANGUAGE_STANDARD = gnu99;
				GCC_WARN_64_TO_32_BIT_CONVERSION = YES;
				GCC_WARN_ABOUT_RETURN_TYPE = YES_ERROR;
				GCC_WARN_UNDECLARED_SELECTOR = YES;
				GCC_WARN_UNINITIALIZED_AUTOS = YES_AGGRESSIVE;
				GCC_WARN_UNUSED_FUNCTION = YES;
				GCC_WARN_UNUSED_VARIABLE = YES;
				IPHONEOS_DEPLOYMENT_TARGET = 8.2;
				MTL_ENABLE_DEBUG_INFO = NO;
				SDKROOT = iphoneos;
				VALIDATE_PRODUCT = YES;
			};
			name = Release;
		};
		C61599D71AEA778100B8C6B5 /* Debug */ = {
			isa = XCBuildConfiguration;
			buildSettings = {
				ASSETCATALOG_COMPILER_APPICON_NAME = AppIcon;
				INFOPLIST_FILE = April24Session1/Info.plist;
				LD_RUNPATH_SEARCH_PATHS = "$(inherited) @executable_path/Frameworks";
				PRODUCT_NAME = "$(TARGET_NAME)";
			};
			name = Debug;
		};
		C61599D81AEA778100B8C6B5 /* Release */ = {
			isa = XCBuildConfiguration;
			buildSettings = {
				ASSETCATALOG_COMPILER_APPICON_NAME = AppIcon;
				INFOPLIST_FILE = April24Session1/Info.plist;
				LD_RUNPATH_SEARCH_PATHS = "$(inherited) @executable_path/Frameworks";
				PRODUCT_NAME = "$(TARGET_NAME)";
			};
			name = Release;
		};
		C61599DA1AEA778100B8C6B5 /* Debug */ = {
			isa = XCBuildConfiguration;
			buildSettings = {
				BUNDLE_LOADER = "$(TEST_HOST)";
				FRAMEWORK_SEARCH_PATHS = (
					"$(SDKROOT)/Developer/Library/Frameworks",
					"$(inherited)",
				);
				GCC_PREPROCESSOR_DEFINITIONS = (
					"DEBUG=1",
					"$(inherited)",
				);
				INFOPLIST_FILE = April24Session1Tests/Info.plist;
				LD_RUNPATH_SEARCH_PATHS = "$(inherited) @executable_path/Frameworks @loader_path/Frameworks";
				PRODUCT_NAME = "$(TARGET_NAME)";
				TEST_HOST = "$(BUILT_PRODUCTS_DIR)/April24Session1.app/April24Session1";
			};
			name = Debug;
		};
		C61599DB1AEA778100B8C6B5 /* Release */ = {
			isa = XCBuildConfiguration;
			buildSettings = {
				BUNDLE_LOADER = "$(TEST_HOST)";
				FRAMEWORK_SEARCH_PATHS = (
					"$(SDKROOT)/Developer/Library/Frameworks",
					"$(inherited)",
				);
				INFOPLIST_FILE = April24Session1Tests/Info.plist;
				LD_RUNPATH_SEARCH_PATHS = "$(inherited) @executable_path/Frameworks @loader_path/Frameworks";
				PRODUCT_NAME = "$(TARGET_NAME)";
				TEST_HOST = "$(BUILT_PRODUCTS_DIR)/April24Session1.app/April24Session1";
			};
			name = Release;
		};
/* End XCBuildConfiguration section */

/* Begin XCConfigurationList section */
		C61599B21AEA778100B8C6B5 /* Build configuration list for PBXProject "April24Session1" */ = {
			isa = XCConfigurationList;
			buildConfigurations = (
				C61599D41AEA778100B8C6B5 /* Debug */,
				C61599D51AEA778100B8C6B5 /* Release */,
			);
			defaultConfigurationIsVisible = 0;
			defaultConfigurationName = Release;
		};
		C61599D61AEA778100B8C6B5 /* Build configuration list for PBXNativeTarget "April24Session1" */ = {
			isa = XCConfigurationList;
			buildConfigurations = (
				C61599D71AEA778100B8C6B5 /* Debug */,
				C61599D81AEA778100B8C6B5 /* Release */,
			);
			defaultConfigurationIsVisible = 0;
		};
		C61599D91AEA778100B8C6B5 /* Build configuration list for PBXNativeTarget "April24Session1Tests" */ = {
			isa = XCConfigurationList;
			buildConfigurations = (
				C61599DA1AEA778100B8C6B5 /* Debug */,
				C61599DB1AEA778100B8C6B5 /* Release */,
			);
			defaultConfigurationIsVisible = 0;
		};
/* End XCConfigurationList section */
	};
	rootObject = C61599AF1AEA778100B8C6B5 /* Project object */;
}
